// cts.lock v2
{"s":"D:\\project\\cno-cli\\cno\\utils\\migrate_cno_kv_to_deno.ts","l":"D:\\project\\cno-cli\\cno\\utils\\migrate_cno_kv_to_deno.ts","f":"esm","k":"source"}
{"s":"D:/project/cno-cli/cno/src/deno/kv/types.ts","l":"D:/project/cno-cli/cno/src/deno/kv/types.ts","f":"esm","k":"source"}
{"q":"D:\\project\\cno-cli\\cno\\utils\\migrate_cno_kv_to_deno.ts\u0000d:\\project\\cno-cli/<entry>","v":"D:\\project\\cno-cli\\cno\\utils\\migrate_cno_kv_to_deno.ts"}
{"q":"../src/deno/kv/types.ts\u0000D:\\project\\cno-cli\\cno\\utils\\migrate_cno_kv_to_deno.ts","v":"D:/project/cno-cli/cno/src/deno/kv/types.ts"}
